{
  "originHash" : "02d33cd0552d9d2e41beef02b845fe8f04b051cf14548e20941ecfd1ae9c1fef",
  "pins" : [
    {
      "identity" : "geometrylite3d",
      "kind" : "remoteSourceControl",
      "location" : "https://github.com/schwa/GeometryLite3D",
      "state" : {
        "revision" : "898b2f439607760e3c9f8c239f51664c9bbd3692",
        "version" : "0.1.1"
      }
    },
    {
      "identity" : "goldenimage",
      "kind" : "remoteSourceControl",
      "location" : "https://github.com/schwa/GoldenImage",
      "state" : {
        "revision" : "3701668a0d306bcb618fa5a39e66d252babcc723",
        "version" : "0.1.5"
      }
    },
    {
      "identity" : "metalcompilerplugin",
      "kind" : "remoteSourceControl",
      "location" : "https://github.com/schwa/MetalCompilerPlugin",
      "state" : {
        "revision" : "5c8b7550d7e3e677d221273d55bc9a7bcb2856d5",
        "version" : "0.2.0"
      }
    },
    {
      "identity" : "metalsprockets",
      "kind" : "remoteSourceControl",
      "location" : "https://github.com/schwa/MetalSprockets",
      "state" : {
        "revision" : "b3612d581d23143b37cfff506768b2352236b689",
        "version" : "0.1.14"
      }
    },
    {
      "identity" : "metalsupport",
      "kind" : "remoteSourceControl",
      "location" : "https://github.com/schwa/MetalSupport",
      "state" : {
        "revision" : "c34080e1366fdb5958ceec56f64080897242dc5e",
        "version" : "1.0.5"
      }
    },
    {
      "identity" : "swift-argument-parser",
      "kind" : "remoteSourceControl",
      "location" : "https://github.com/apple/swift-argument-parser",
      "state" : {
        "revision" : "6a52f3251125d74daf04fcbd5e6f08a75d074382",
        "version" : "1.8.2"
      }
    },
    {
      "identity" : "swift-collections",
      "kind" : "remoteSourceControl",
      "location" : "https://github.com/apple/swift-collections",
      "state" : {
        "revision" : "a0cb0954ecb21e4e31b0070e6ed5674e8556685a",
        "version" : "1.6.0"
      }
    },
    {
      "identity" : "swift-docc-plugin",
      "kind" : "remoteSourceControl",
      "location" : "https://github.com/swiftlang/swift-docc-plugin",
      "state" : {
        "revision" : "647c708be89f834fa6a6d4945442793a77ddf5b6",
        "version" : "1.5.0"
      }
    },
    {
      "identity" : "swift-docc-symbolkit",
      "kind" : "remoteSourceControl",
      "location" : "https://github.com/swiftlang/swift-docc-symbolkit",
      "state" : {
        "revision" : "b45d1f2ed151d057b54504d653e0da5552844e34",
        "version" : "1.0.0"
      }
    },
    {
      "identity" : "swift-numerics",
      "kind" : "remoteSourceControl",
      "location" : "https://github.com/apple/swift-numerics.git",
      "state" : {
        "revision" : "0c0290ff6b24942dadb83a929ffaaa1481df04a2",
        "version" : "1.1.1"
      }
    },
    {
      "identity" : "swift-syntax",
      "kind" : "remoteSourceControl",
      "location" : "https://github.com/swiftlang/swift-syntax.git",
      "state" : {
        "revision" : "4799286537280063c85a32f09884cfbca301b1a1",
        "version" : "602.0.0"
      }
    },
    {
      "identity" : "zipfoundation",
      "kind" : "remoteSourceControl",
      "location" : "https://github.com/weichsel/ZIPFoundation",
      "state" : {
        "revision" : "22787ffb59de99e5dc1fbfe80b19c97a904ad48d",
        "version" : "0.9.20"
      }
    },
    {
      "identity" : "zstd",
      "kind" : "remoteSourceControl",
      "location" : "https://github.com/facebook/zstd",
      "state" : {
        "revision" : "f8745da6ff1ad1e7bab384bd1f9d742439278e99",
        "version" : "1.5.7"
      }
    }
  ],
  "version" : 3
}
