{
  "originHash" : "cdb78b4ce14da596075c094f30f6f6198c1b811db92448896d89f31446420570",
  "pins" : [
    {
      "identity" : "geometrylite3d",
      "kind" : "remoteSourceControl",
      "location" : "https://github.com/schwa/GeometryLite3D",
      "state" : {
        "branch" : "0.1.0",
        "revision" : "2b63646cf7290361567cafaf89f82206ee0ff3e7"
      }
    },
    {
      "identity" : "interaction3d",
      "kind" : "remoteSourceControl",
      "location" : "https://github.com/schwa/Interaction3D",
      "state" : {
        "revision" : "20486647f04d66d4d297a3403cc3b6061be97de1",
        "version" : "0.1.1"
      }
    },
    {
      "identity" : "metalcompilerplugin",
      "kind" : "remoteSourceControl",
      "location" : "https://github.com/schwa/MetalCompilerPlugin",
      "state" : {
        "revision" : "4f361b5611e7e2022baeaa74da60ea32635323b1",
        "version" : "0.1.4"
      }
    },
    {
      "identity" : "metalsprockets",
      "kind" : "remoteSourceControl",
      "location" : "https://github.com/schwa/MetalSprockets",
      "state" : {
        "branch" : "0.1.0",
        "revision" : "8cc9ccf92f571dae310662f9b44ea7f46dface1d"
      }
    },
    {
      "identity" : "swift-algorithms",
      "kind" : "remoteSourceControl",
      "location" : "https://github.com/apple/swift-algorithms",
      "state" : {
        "revision" : "87e50f483c54e6efd60e885f7f5aa946cee68023",
        "version" : "1.2.1"
      }
    },
    {
      "identity" : "swift-async-algorithms",
      "kind" : "remoteSourceControl",
      "location" : "https://github.com/apple/swift-async-algorithms",
      "state" : {
        "revision" : "042e1c4d9d19748c9c228f8d4ebc97bb1e339b0b",
        "version" : "1.0.4"
      }
    },
    {
      "identity" : "swift-collections",
      "kind" : "remoteSourceControl",
      "location" : "https://github.com/apple/swift-collections",
      "state" : {
        "revision" : "7b847a3b7008b2dc2f47ca3110d8c782fb2e5c7e",
        "version" : "1.3.0"
      }
    },
    {
      "identity" : "swift-numerics",
      "kind" : "remoteSourceControl",
      "location" : "https://github.com/apple/swift-numerics.git",
      "state" : {
        "revision" : "0c0290ff6b24942dadb83a929ffaaa1481df04a2",
        "version" : "1.1.1"
      }
    },
    {
      "identity" : "swift-syntax",
      "kind" : "remoteSourceControl",
      "location" : "https://github.com/swiftlang/swift-syntax.git",
      "state" : {
        "revision" : "0687f71944021d616d34d922343dcef086855920",
        "version" : "600.0.1"
      }
    },
    {
      "identity" : "swiftformats",
      "kind" : "remoteSourceControl",
      "location" : "https://github.com/schwa/SwiftFormats",
      "state" : {
        "revision" : "6b51ccec7fccf2f1d4f28f03def6c6b97d17c05b",
        "version" : "0.3.6"
      }
    }
  ],
  "version" : 3
}
